
Microsoft Visual Studio Solution File, Format Version 12.00
# Visual Studio 15
VisualStudioVersion = 15.0.28307.136
MinimumVisualStudioVersion = 10.0.40219.1
Project("{FAE04EC0-301F-11D3-BF4B-00C04F79EFBC}") = "BookShop", "BookShop\BookShop.csproj", "{A3320AFF-1F3F-43C7-A687-932278518ECB}"
EndProject
Project("{FAE04EC0-301F-11D3-BF4B-00C04F79EFBC}") = "ClassLibrary", "ClassLibrary\ClassLibrary.csproj", "{2FCCFAB0-779D-467C-94BD-BD8C029A21BF}"
EndProject
Global
	GlobalSection(SolutionConfigurationPlatforms) = preSolution
		Debug|Any CPU = Debug|Any CPU
		Release|Any CPU = Release|Any CPU
	EndGlobalSection
	GlobalSection(ProjectConfigurationPlatforms) = postSolution
		{A3320AFF-1F3F-43C7-A687-932278518ECB}.Debug|Any CPU.ActiveCfg = Debug|Any CPU
		{A3320AFF-1F3F-43C7-A687-932278518ECB}.Debug|Any CPU.Build.0 = Debug|Any CPU
		{A3320AFF-1F3F-43C7-A687-932278518ECB}.Release|Any CPU.ActiveCfg = Release|Any CPU
		{A3320AFF-1F3F-43C7-A687-932278518ECB}.Release|Any CPU.Build.0 = Release|Any CPU
		{2FCCFAB0-779D-467C-94BD-BD8C029A21BF}.Debug|Any CPU.ActiveCfg = Debug|Any CPU
		{2FCCFAB0-779D-467C-94BD-BD8C029A21BF}.Debug|Any CPU.Build.0 = Debug|Any CPU
		{2FCCFAB0-779D-467C-94BD-BD8C029A21BF}.Release|Any CPU.ActiveCfg = Release|Any CPU
		{2FCCFAB0-779D-467C-94BD-BD8C029A21BF}.Release|Any CPU.Build.0 = Release|Any CPU
	EndGlobalSection
	GlobalSection(SolutionProperties) = preSolution
		HideSolutionNode = FALSE
	EndGlobalSection
	GlobalSection(ExtensibilityGlobals) = postSolution
		SolutionGuid = {6EA92939-AF6E-4E88-BF73-EF61B55530A7}
	EndGlobalSection
EndGlobal
